
Microsoft Visual Studio Solution File, Format Version 12.00
# Visual Studio Version 16
VisualStudioVersion = 16.0.31624.102
MinimumVisualStudioVersion = 10.0.40219.1
Project("{FAE04EC0-301F-11D3-BF4B-00C04F79EFBC}") = "GalaDarbs", "GalaDarbs\GalaDarbs.csproj", "{BD748E38-23ED-4176-AD71-FA62A771719F}"
EndProject
Global
	GlobalSection(SolutionConfigurationPlatforms) = preSolution
		Debug|Any CPU = Debug|Any CPU
		Release|Any CPU = Release|Any CPU
	EndGlobalSection
	GlobalSection(ProjectConfigurationPlatforms) = postSolution
		{BD748E38-23ED-4176-AD71-FA62A771719F}.Debug|Any CPU.ActiveCfg = Debug|Any CPU
		{BD748E38-23ED-4176-AD71-FA62A771719F}.Debug|Any CPU.Build.0 = Debug|Any CPU
		{BD748E38-23ED-4176-AD71-FA62A771719F}.Release|Any CPU.ActiveCfg = Release|Any CPU
		{BD748E38-23ED-4176-AD71-FA62A771719F}.Release|Any CPU.Build.0 = Release|Any CPU
	EndGlobalSection
	GlobalSection(SolutionProperties) = preSolution
		HideSolutionNode = FALSE
	EndGlobalSection
	GlobalSection(ExtensibilityGlobals) = postSolution
		SolutionGuid = {4C9036FA-E3B1-4A43-8554-8158637297CB}
	EndGlobalSection
EndGlobal
